// !$*UTF8*$!
{
	archiveVersion = 1;
	classes = {
	};
	objectVersion = 56;
	objects = {

/* Begin PBXBuildFile section */
		B48763BB2CA59F4400987F96 /* water_trackerApp.swift in Sources */ = {isa = PBXBuildFile; fileRef = B48763BA2CA59F4400987F96 /* water_trackerApp.swift */; };
		B48763BD2CA59F4400987F96 /* ContentView.swift in Sources */ = {isa = PBXBuildFile; fileRef = B48763BC2CA59F4400987F96 /* ContentView.swift */; };
		B48763BF2CA59F4500987F96 /* Assets.xcassets in Resources */ = {isa = PBXBuildFile; fileRef = B48763BE2CA59F4500987F96 /* Assets.xcassets */; };
		B48763C22CA59F4500987F96 /* Preview Assets.xcassets in Resources */ = {isa = PBXBuildFile; fileRef = B48763C12CA59F4500987F96 /* Preview Assets.xcassets */; };
		B48763CC2CA59F4500987F96 /* water_trackerTests.swift in Sources */ = {isa = PBXBuildFile; fileRef = B48763CB2CA59F4500987F96 /* water_trackerTests.swift */; };
		B48763D62CA59F4500987F96 /* water_trackerUITests.swift in Sources */ = {isa = PBXBuildFile; fileRef = B48763D52CA59F4500987F96 /* water_trackerUITests.swift */; };
		B48763D82CA59F4500987F96 /* water_trackerUITestsLaunchTests.swift in Sources */ = {isa = PBXBuildFile; fileRef = B48763D72CA59F4500987F96 /* water_trackerUITestsLaunchTests.swift */; };
/* End PBXBuildFile section */

/* Begin PBXContainerItemProxy section */
		B48763C82CA59F4500987F96 /* PBXContainerItemProxy */ = {
			isa = PBXContainerItemProxy;
			containerPortal = B48763AF2CA59F4400987F96 /* Project object */;
			proxyType = 1;
			remoteGlobalIDString = B48763B62CA59F4400987F96;
			remoteInfo = "water tracker";
		};
		B48763D22CA59F4500987F96 /* PBXContainerItemProxy */ = {
			isa = PBXContainerItemProxy;
			containerPortal = B48763AF2CA59F4400987F96 /* Project object */;
			proxyType = 1;
			remoteGlobalIDString = B48763B62CA59F4400987F96;
			remoteInfo = "water tracker";
		};
/* End PBXContainerItemProxy section */

/* Begin PBXFileReference section */
		B48763B72CA59F4400987F96 /* water tracker.app */ = {isa = PBXFileReference; explicitFileType = wrapper.application; includeInIndex = 0; path = "water tracker.app"; sourceTree = BUILT_PRODUCTS_DIR; };
		B48763BA2CA59F4400987F96 /* water_trackerApp.swift */ = {isa = PBXFileReference; lastKnownFileType = sourcecode.swift; path = water_trackerApp.swift; sourceTree = "<group>"; };
		B48763BC2CA59F4400987F96 /* ContentView.swift */ = {isa = PBXFileReference; lastKnownFileType = sourcecode.swift; path = ContentView.swift; sourceTree = "<group>"; };
		B48763BE2CA59F4500987F96 /* Assets.xcassets */ = {isa = PBXFileReference; lastKnownFileType = folder.assetcatalog; path = Assets.xcassets; sourceTree = "<group>"; };
		B48763C12CA59F4500987F96 /* Preview Assets.xcassets */ = {isa = PBXFileReference; lastKnownFileType = folder.assetcatalog; path = "Preview Assets.xcassets"; sourceTree = "<group>"; };
		B48763C72CA59F4500987F96 /* water trackerTests.xctest */ = {isa = PBXFileReference; explicitFileType = wrapper.cfbundle; includeInIndex = 0; path = "water trackerTests.xctest"; sourceTree = BUILT_PRODUCTS_DIR; };
		B48763CB2CA59F4500987F96 /* water_trackerTests.swift */ = {isa = PBXFileReference; lastKnownFileType = sourcecode.swift; path = water_trackerTests.swift; sourceTree = "<group>"; };
		B48763D12CA59F4500987F96 /* water trackerUITests.xctest */ = {isa = PBXFileReference; explicitFileType = wrapper.cfbundle; includeInIndex = 0; path = "water trackerUITests.xctest"; sourceTree = BUILT_PRODUCTS_DIR; };
		B48763D52CA59F4500987F96 /* water_trackerUITests.swift */ = {isa = PBXFileReference; lastKnownFileType = sourcecode.swift; path = water_trackerUITests.swift; sourceTree = "<group>"; };
		B48763D72CA59F4500987F96 /* water_trackerUITestsLaunchTests.swift */ = {isa = PBXFileReference; lastKnownFileType = sourcecode.swift; path = water_trackerUITestsLaunchTests.swift; sourceTree = "<group>"; };
/* End PBXFileReference section */

/* Begin PBXFrameworksBuildPhase section */
		B48763B42CA59F4400987F96 /* Frameworks */ = {
			isa = PBXFrameworksBuildPhase;
			buildActionMask = 2147483647;
			files = (
			);
			runOnlyForDeploymentPostprocessing = 0;
		};
		B48763C42CA59F4500987F96 /* Frameworks */ = {
			isa = PBXFrameworksBuildPhase;
			buildActionMask = 2147483647;
			files = (
			);
			runOnlyForDeploymentPostprocessing = 0;
		};
		B48763CE2CA59F4500987F96 /* Frameworks */ = {
			isa = PBXFrameworksBuildPhase;
			buildActionMask = 2147483647;
			files = (
			);
			runOnlyForDeploymentPostprocessing = 0;
		};
/* End PBXFrameworksBuildPhase section */

/* Begin PBXGroup section */
		B48763AE2CA59F4400987F96 = {
			isa = PBXGroup;
			children = (
				B48763B92CA59F4400987F96 /* water tracker */,
				B48763CA2CA59F4500987F96 /* water trackerTests */,
				B48763D42CA59F4500987F96 /* water trackerUITests */,
				B48763B82CA59F4400987F96 /* Products */,
			);
			sourceTree = "<group>";
		};
		B48763B82CA59F4400987F96 /* Products */ = {
			isa = PBXGroup;
			children = (
				B48763B72CA59F4400987F96 /* water tracker.app */,
				B48763C72CA59F4500987F96 /* water trackerTests.xctest */,
				B48763D12CA59F4500987F96 /* water trackerUITests.xctest */,
			);
			name = Products;
			sourceTree = "<group>";
		};
		B48763B92CA59F4400987F96 /* water tracker */ = {
			isa = PBXGroup;
			children = (
				B48763BA2CA59F4400987F96 /* water_trackerApp.swift */,
				B48763BC2CA59F4400987F96 /* ContentView.swift */,
				B48763BE2CA59F4500987F96 /* Assets.xcassets */,
				B48763C02CA59F4500987F96 /* Preview Content */,
			);
			path = "water tracker";
			sourceTree = "<group>";
		};
		B48763C02CA59F4500987F96 /* Preview Content */ = {
			isa = PBXGroup;
			children = (
				B48763C12CA59F4500987F96 /* Preview Assets.xcassets */,
			);
			path = "Preview Content";
			sourceTree = "<group>";
		};
		B48763CA2CA59F4500987F96 /* water trackerTests */ = {
			isa = PBXGroup;
			children = (
				B48763CB2CA59F4500987F96 /* water_trackerTests.swift */,
			);
			path = "water trackerTests";
			sourceTree = "<group>";
		};
		B48763D42CA59F4500987F96 /* water trackerUITests */ = {
			isa = PBXGroup;
			children = (
				B48763D52CA59F4500987F96 /* water_trackerUITests.swift */,
				B48763D72CA59F4500987F96 /* water_trackerUITestsLaunchTests.swift */,
			);
			path = "water trackerUITests";
			sourceTree = "<group>";
		};
/* End PBXGroup section */

/* Begin PBXNativeTarget section */
		B48763B62CA59F4400987F96 /* water tracker */ = {
			isa = PBXNativeTarget;
			buildConfigurationList = B48763DB2CA59F4500987F96 /* Build configuration list for PBXNativeTarget "water tracker" */;
			buildPhases = (
				B48763B32CA59F4400987F96 /* Sources */,
				B48763B42CA59F4400987F96 /* Frameworks */,
				B48763B52CA59F4400987F96 /* Resources */,
			);
			buildRules = (
			);
			dependencies = (
			);
			name = "water tracker";
			productName = "water tracker";
			productReference = B48763B72CA59F4400987F96 /* water tracker.app */;
			productType = "com.apple.product-type.application";
		};
		B48763C62CA59F4500987F96 /* water trackerTests */ = {
			isa = PBXNativeTarget;
			buildConfigurationList = B48763DE2CA59F4500987F96 /* Build configuration list for PBXNativeTarget "water trackerTests" */;
			buildPhases = (
				B48763C32CA59F4500987F96 /* Sources */,
				B48763C42CA59F4500987F96 /* Frameworks */,
				B48763C52CA59F4500987F96 /* Resources */,
			);
			buildRules = (
			);
			dependencies = (
				B48763C92CA59F4500987F96 /* PBXTargetDependency */,
			);
			name = "water trackerTests";
			productName = "water trackerTests";
			productReference = B48763C72CA59F4500987F96 /* water trackerTests.xctest */;
			productType = "com.apple.product-type.bundle.unit-test";
		};
		B48763D02CA59F4500987F96 /* water trackerUITests */ = {
			isa = PBXNativeTarget;
			buildConfigurationList = B48763E12CA59F4500987F96 /* Build configuration list for PBXNativeTarget "water trackerUITests" */;
			buildPhases = (
				B48763CD2CA59F4500987F96 /* Sources */,
				B48763CE2CA59F4500987F96 /* Frameworks */,
				B48763CF2CA59F4500987F96 /* Resources */,
			);
			buildRules = (
			);
			dependencies = (
				B48763D32CA59F4500987F96 /* PBXTargetDependency */,
			);
			name = "water trackerUITests";
			productName = "water trackerUITests";
			productReference = B48763D12CA59F4500987F96 /* water trackerUITests.xctest */;
			productType = "com.apple.product-type.bundle.ui-testing";
		};
/* End PBXNativeTarget section */

/* Begin PBXProject section */
		B48763AF2CA59F4400987F96 /* Project object */ = {
			isa = PBXProject;
			attributes = {
				BuildIndependentTargetsInParallel = 1;
				LastSwiftUpdateCheck = 1540;
				LastUpgradeCheck = 1540;
				TargetAttributes = {
					B48763B62CA59F4400987F96 = {
						CreatedOnToolsVersion = 15.4;
					};
					B48763C62CA59F4500987F96 = {
						CreatedOnToolsVersion = 15.4;
						TestTargetID = B48763B62CA59F4400987F96;
					};
					B48763D02CA59F4500987F96 = {
						CreatedOnToolsVersion = 15.4;
						TestTargetID = B48763B62CA59F4400987F96;
					};
				};
			};
			buildConfigurationList = B48763B22CA59F4400987F96 /* Build configuration list for PBXProject "water tracker" */;
			compatibilityVersion = "Xcode 14.0";
			developmentRegion = en;
			hasScannedForEncodings = 0;
			knownRegions = (
				en,
				Base,
			);
			mainGroup = B48763AE2CA59F4400987F96;
			productRefGroup = B48763B82CA59F4400987F96 /* Products */;
			projectDirPath = "";
			projectRoot = "";
			targets = (
				B48763B62CA59F4400987F96 /* water tracker */,
				B48763C62CA59F4500987F96 /* water trackerTests */,
				B48763D02CA59F4500987F96 /* water trackerUITests */,
			);
		};
/* End PBXProject section */

/* Begin PBXResourcesBuildPhase section */
		B48763B52CA59F4400987F96 /* Resources */ = {
			isa = PBXResourcesBuildPhase;
			buildActionMask = 2147483647;
			files = (
				B48763C22CA59F4500987F96 /* Preview Assets.xcassets in Resources */,
				B48763BF2CA59F4500987F96 /* Assets.xcassets in Resources */,
			);
			runOnlyForDeploymentPostprocessing = 0;
		};
		B48763C52CA59F4500987F96 /* Resources */ = {
			isa = PBXResourcesBuildPhase;
			buildActionMask = 2147483647;
			files = (
			);
			runOnlyForDeploymentPostprocessing = 0;
		};
		B48763CF2CA59F4500987F96 /* Resources */ = {
			isa = PBXResourcesBuildPhase;
			buildActionMask = 2147483647;
			files = (
			);
			runOnlyForDeploymentPostprocessing = 0;
		};
/* End PBXResourcesBuildPhase section */

/* Begin PBXSourcesBuildPhase section */
		B48763B32CA59F4400987F96 /* Sources */ = {
			isa = PBXSourcesBuildPhase;
			buildActionMask = 2147483647;
			files = (
				B48763BD2CA59F4400987F96 /* ContentView.swift in Sources */,
				B48763BB2CA59F4400987F96 /* water_trackerApp.swift in Sources */,
			);
			runOnlyForDeploymentPostprocessing = 0;
		};
		B48763C32CA59F4500987F96 /* Sources */ = {
			isa = PBXSourcesBuildPhase;
			buildActionMask = 2147483647;
			files = (
				B48763CC2CA59F4500987F96 /* water_trackerTests.swift in Sources */,
			);
			runOnlyForDeploymentPostprocessing = 0;
		};
		B48763CD2CA59F4500987F96 /* Sources */ = {
			isa = PBXSourcesBuildPhase;
			buildActionMask = 2147483647;
			files = (
				B48763D62CA59F4500987F96 /* water_trackerUITests.swift in Sources */,
				B48763D82CA59F4500987F96 /* water_trackerUITestsLaunchTests.swift in Sources */,
			);
			runOnlyForDeploymentPostprocessing = 0;
		};
/* End PBXSourcesBuildPhase section */

/* Begin PBXTargetDependency section */
		B48763C92CA59F4500987F96 /* PBXTargetDependency */ = {
			isa = PBXTargetDependency;
			target = B48763B62CA59F4400987F96 /* water tracker */;
			targetProxy = B48763C82CA59F4500987F96 /* PBXContainerItemProxy */;
		};
		B48763D32CA59F4500987F96 /* PBXTargetDependency */ = {
			isa = PBXTargetDependency;
			target = B48763B62CA59F4400987F96 /* water tracker */;
			targetProxy = B48763D22CA59F4500987F96 /* PBXContainerItemProxy */;
		};
/* End PBXTargetDependency section */

/* Begin XCBuildConfiguration section */
		B48763D92CA59F4500987F96 /* Debug */ = {
			isa = XCBuildConfiguration;
			buildSettings = {
				ALWAYS_SEARCH_USER_PATHS = NO;
				ASSETCATALOG_COMPILER_GENERATE_SWIFT_ASSET_SYMBOL_EXTENSIONS = YES;
				CLANG_ANALYZER_NONNULL = YES;
				CLANG_ANALYZER_NUMBER_OBJECT_CONVERSION = YES_AGGRESSIVE;
				CLANG_CXX_LANGUAGE_STANDARD = "gnu++20";
				CLANG_ENABLE_MODULES = YES;
				CLANG_ENABLE_OBJC_ARC = YES;
				CLANG_ENABLE_OBJC_WEAK = YES;
				CLANG_WARN_BLOCK_CAPTURE_AUTORELEASING = YES;
				CLANG_WARN_BOOL_CONVERSION = YES;
				CLANG_WARN_COMMA = YES;
				CLANG_WARN_CONSTANT_CONVERSION = YES;
				CLANG_WARN_DEPRECATED_OBJC_IMPLEMENTATIONS = YES;
				CLANG_WARN_DIRECT_OBJC_ISA_USAGE = YES_ERROR;
				CLANG_WARN_DOCUMENTATION_COMMENTS = YES;
				CLANG_WARN_EMPTY_BODY = YES;
				CLANG_WARN_ENUM_CONVERSION = YES;
				CLANG_WARN_INFINITE_RECURSION = YES;
				CLANG_WARN_INT_CONVERSION = YES;
				CLANG_WARN_NON_LITERAL_NULL_CONVERSION = YES;
				CLANG_WARN_OBJC_IMPLICIT_RETAIN_SELF = YES;
				CLANG_WARN_OBJC_LITERAL_CONVERSION = YES;
				CLANG_WARN_OBJC_ROOT_CLASS = YES_ERROR;
				CLANG_WARN_QUOTED_INCLUDE_IN_FRAMEWORK_HEADER = YES;
				CLANG_WARN_RANGE_LOOP_ANALYSIS = YES;
				CLANG_WARN_STRICT_PROTOTYPES = YES;
				CLANG_WARN_SUSPICIOUS_MOVE = YES;
				CLANG_WARN_UNGUARDED_AVAILABILITY = YES_AGGRESSIVE;
				CLANG_WARN_UNREACHABLE_CODE = YES;
				CLANG_WARN__DUPLICATE_METHOD_MATCH = YES;
				COPY_PHASE_STRIP = NO;
				DEBUG_INFORMATION_FORMAT = dwarf;
				ENABLE_STRICT_OBJC_MSGSEND = YES;
				ENABLE_TESTABILITY = YES;
				ENABLE_USER_SCRIPT_SANDBOXING = YES;
				GCC_C_LANGUAGE_STANDARD = gnu17;
				GCC_DYNAMIC_NO_PIC = NO;
				GCC_NO_COMMON_BLOCKS = YES;
				GCC_OPTIMIZATION_LEVEL = 0;
				GCC_PREPROCESSOR_DEFINITIONS = (
					"DEBUG=1",
					"$(inherited)",
				);
				GCC_WARN_64_TO_32_BIT_CONVERSION = YES;
				GCC_WARN_ABOUT_RETURN_TYPE = YES_ERROR;
				GCC_WARN_UNDECLARED_SELECTOR = YES;
				GCC_WARN_UNINITIALIZED_AUTOS = YES_AGGRESSIVE;
				GCC_WARN_UNUSED_FUNCTION = YES;
				GCC_WARN_UNUSED_VARIABLE = YES;
				IPHONEOS_DEPLOYMENT_TARGET = 17.5;
				LOCALIZATION_PREFERS_STRING_CATALOGS = YES;
				MTL_ENABLE_DEBUG_INFO = INCLUDE_SOURCE;
				MTL_FAST_MATH = YES;
				ONLY_ACTIVE_ARCH = YES;
				SDKROOT = iphoneos;
				SWIFT_ACTIVE_COMPILATION_CONDITIONS = "DEBUG $(inherited)";
				SWIFT_OPTIMIZATION_LEVEL = "-Onone";
			};
			name = Debug;
		};
		B48763DA2CA59F4500987F96 /* Release */ = {
			isa = XCBuildConfiguration;
			buildSettings = {
				ALWAYS_SEARCH_USER_PATHS = NO;
				ASSETCATALOG_COMPILER_GENERATE_SWIFT_ASSET_SYMBOL_EXTENSIONS = YES;
				CLANG_ANALYZER_NONNULL = YES;
				CLANG_ANALYZER_NUMBER_OBJECT_CONVERSION = YES_AGGRESSIVE;
				CLANG_CXX_LANGUAGE_STANDARD = "gnu++20";
				CLANG_ENABLE_MODULES = YES;
				CLANG_ENABLE_OBJC_ARC = YES;
				CLANG_ENABLE_OBJC_WEAK = YES;
				CLANG_WARN_BLOCK_CAPTURE_AUTORELEASING = YES;
				CLANG_WARN_BOOL_CONVERSION = YES;
				CLANG_WARN_COMMA = YES;
				CLANG_WARN_CONSTANT_CONVERSION = YES;
				CLANG_WARN_DEPRECATED_OBJC_IMPLEMENTATIONS = YES;
				CLANG_WARN_DIRECT_OBJC_ISA_USAGE = YES_ERROR;
				CLANG_WARN_DOCUMENTATION_COMMENTS = YES;
				CLANG_WARN_EMPTY_BODY = YES;
				CLANG_WARN_ENUM_CONVERSION = YES;
				CLANG_WARN_INFINITE_RECURSION = YES;
				CLANG_WARN_INT_CONVERSION = YES;
				CLANG_WARN_NON_LITERAL_NULL_CONVERSION = YES;
				CLANG_WARN_OBJC_IMPLICIT_RETAIN_SELF = YES;
				CLANG_WARN_OBJC_LITERAL_CONVERSION = YES;
				CLANG_WARN_OBJC_ROOT_CLASS = YES_ERROR;
				CLANG_WARN_QUOTED_INCLUDE_IN_FRAMEWORK_HEADER = YES;
				CLANG_WARN_RANGE_LOOP_ANALYSIS = YES;
				CLANG_WARN_STRICT_PROTOTYPES = YES;
				CLANG_WARN_SUSPICIOUS_MOVE = YES;
				CLANG_WARN_UNGUARDED_AVAILABILITY = YES_AGGRESSIVE;
				CLANG_WARN_UNREACHABLE_CODE = YES;
				CLANG_WARN__DUPLICATE_METHOD_MATCH = YES;
				COPY_PHASE_STRIP = NO;
				DEBUG_INFORMATION_FORMAT = "dwarf-with-dsym";
				ENABLE_NS_ASSERTIONS = NO;
				ENABLE_STRICT_OBJC_MSGSEND = YES;
				ENABLE_USER_SCRIPT_SANDBOXING = YES;
				GCC_C_LANGUAGE_STANDARD = gnu17;
				GCC_NO_COMMON_BLOCKS = YES;
				GCC_WARN_64_TO_32_BIT_CONVERSION = YES;
				GCC_WARN_ABOUT_RETURN_TYPE = YES_ERROR;
				GCC_WARN_UNDECLARED_SELECTOR = YES;
				GCC_WARN_UNINITIALIZED_AUTOS = YES_AGGRESSIVE;
				GCC_WARN_UNUSED_FUNCTION = YES;
				GCC_WARN_UNUSED_VARIABLE = YES;
				IPHONEOS_DEPLOYMENT_TARGET = 17.5;
				LOCALIZATION_PREFERS_STRING_CATALOGS = YES;
				MTL_ENABLE_DEBUG_INFO = NO;
				MTL_FAST_MATH = YES;
				SDKROOT = iphoneos;
				SWIFT_COMPILATION_MODE = wholemodule;
				VALIDATE_PRODUCT = YES;
			};
			name = Release;
		};
		B48763DC2CA59F4500987F96 /* Debug */ = {
			isa = XCBuildConfiguration;
			buildSettings = {
				ASSETCATALOG_COMPILER_APPICON_NAME = AppIcon;
				ASSETCATALOG_COMPILER_GLOBAL_ACCENT_COLOR_NAME = AccentColor;
				CODE_SIGN_STYLE = Automatic;
				CURRENT_PROJECT_VERSION = 1;
				DEVELOPMENT_ASSET_PATHS = "\"water tracker/Preview Content\"";
				ENABLE_PREVIEWS = YES;
				GENERATE_INFOPLIST_FILE = YES;
				INFOPLIST_KEY_UIApplicationSceneManifest_Generation = YES;
				INFOPLIST_KEY_UIApplicationSupportsIndirectInputEvents = YES;
				INFOPLIST_KEY_UILaunchScreen_Generation = YES;
				INFOPLIST_KEY_UISupportedInterfaceOrientations_iPad = "UIInterfaceOrientationPortrait UIInterfaceOrientationPortraitUpsideDown UIInterfaceOrientationLandscapeLeft UIInterfaceOrientationLandscapeRight";
				INFOPLIST_KEY_UISupportedInterfaceOrientations_iPhone = "UIInterfaceOrientationPortrait UIInterfaceOrientationLandscapeLeft UIInterfaceOrientationLandscapeRight";
				LD_RUNPATH_SEARCH_PATHS = (
					"$(inherited)",
					"@executable_path/Frameworks",
				);
				MARKETING_VERSION = 1.0;
				PRODUCT_BUNDLE_IDENTIFIER = "razan.water-tracker";
				PRODUCT_NAME = "$(TARGET_NAME)";
				SWIFT_EMIT_LOC_STRINGS = YES;
				SWIFT_VERSION = 5.0;
				TARGETED_DEVICE_FAMILY = "1,2";
			};
			name = Debug;
		};
		B48763DD2CA59F4500987F96 /* Release */ = {
			isa = XCBuildConfiguration;
			buildSettings = {
				ASSETCATALOG_COMPILER_APPICON_NAME = AppIcon;
				ASSETCATALOG_COMPILER_GLOBAL_ACCENT_COLOR_NAME = AccentColor;
				CODE_SIGN_STYLE = Automatic;
				CURRENT_PROJECT_VERSION = 1;
				DEVELOPMENT_ASSET_PATHS = "\"water tracker/Preview Content\"";
				ENABLE_PREVIEWS = YES;
				GENERATE_INFOPLIST_FILE = YES;
				INFOPLIST_KEY_UIApplicationSceneManifest_Generation = YES;
				INFOPLIST_KEY_UIApplicationSupportsIndirectInputEvents = YES;
				INFOPLIST_KEY_UILaunchScreen_Generation = YES;
				INFOPLIST_KEY_UISupportedInterfaceOrientations_iPad = "UIInterfaceOrientationPortrait UIInterfaceOrientationPortraitUpsideDown UIInterfaceOrientationLandscapeLeft UIInterfaceOrientationLandscapeRight";
				INFOPLIST_KEY_UISupportedInterfaceOrientations_iPhone = "UIInterfaceOrientationPortrait UIInterfaceOrientationLandscapeLeft UIInterfaceOrientationLandscapeRight";
				LD_RUNPATH_SEARCH_PATHS = (
					"$(inherited)",
					"@executable_path/Frameworks",
				);
				MARKETING_VERSION = 1.0;
				PRODUCT_BUNDLE_IDENTIFIER = "razan.water-tracker";
				PRODUCT_NAME = "$(TARGET_NAME)";
				SWIFT_EMIT_LOC_STRINGS = YES;
				SWIFT_VERSION = 5.0;
				TARGETED_DEVICE_FAMILY = "1,2";
			};
			name = Release;
		};
		B48763DF2CA59F4500987F96 /* Debug */ = {
			isa = XCBuildConfiguration;
			buildSettings = {
				ALWAYS_EMBED_SWIFT_STANDARD_LIBRARIES = YES;
				BUNDLE_LOADER = "$(TEST_HOST)";
				CODE_SIGN_STYLE = Automatic;
				CURRENT_PROJECT_VERSION = 1;
				GENERATE_INFOPLIST_FILE = YES;
				IPHONEOS_DEPLOYMENT_TARGET = 17.5;
				MARKETING_VERSION = 1.0;
				PRODUCT_BUNDLE_IDENTIFIER = "razan.water-trackerTests";
				PRODUCT_NAME = "$(TARGET_NAME)";
				SWIFT_EMIT_LOC_STRINGS = NO;
				SWIFT_VERSION = 5.0;
				TARGETED_DEVICE_FAMILY = "1,2";
				TEST_HOST = "$(BUILT_PRODUCTS_DIR)/water tracker.app/$(BUNDLE_EXECUTABLE_FOLDER_PATH)/water tracker";
			};
			name = Debug;
		};
		B48763E02CA59F4500987F96 /* Release */ = {
			isa = XCBuildConfiguration;
			buildSettings = {
				ALWAYS_EMBED_SWIFT_STANDARD_LIBRARIES = YES;
				BUNDLE_LOADER = "$(TEST_HOST)";
				CODE_SIGN_STYLE = Automatic;
				CURRENT_PROJECT_VERSION = 1;
				GENERATE_INFOPLIST_FILE = YES;
				IPHONEOS_DEPLOYMENT_TARGET = 17.5;
				MARKETING_VERSION = 1.0;
				PRODUCT_BUNDLE_IDENTIFIER = "razan.water-trackerTests";
				PRODUCT_NAME = "$(TARGET_NAME)";
				SWIFT_EMIT_LOC_STRINGS = NO;
				SWIFT_VERSION = 5.0;
				TARGETED_DEVICE_FAMILY = "1,2";
				TEST_HOST = "$(BUILT_PRODUCTS_DIR)/water tracker.app/$(BUNDLE_EXECUTABLE_FOLDER_PATH)/water tracker";
			};
			name = Release;
		};
		B48763E22CA59F4500987F96 /* Debug */ = {
			isa = XCBuildConfiguration;
			buildSettings = {
				ALWAYS_EMBED_SWIFT_STANDARD_LIBRARIES = YES;
				CODE_SIGN_STYLE = Automatic;
				CURRENT_PROJECT_VERSION = 1;
				GENERATE_INFOPLIST_FILE = YES;
				MARKETING_VERSION = 1.0;
				PRODUCT_BUNDLE_IDENTIFIER = "razan.water-trackerUITests";
				PRODUCT_NAME = "$(TARGET_NAME)";
				SWIFT_EMIT_LOC_STRINGS = NO;
				SWIFT_VERSION = 5.0;
				TARGETED_DEVICE_FAMILY = "1,2";
				TEST_TARGET_NAME = "water tracker";
			};
			name = Debug;
		};
		B48763E32CA59F4500987F96 /* Release */ = {
			isa = XCBuildConfiguration;
			buildSettings = {
				ALWAYS_EMBED_SWIFT_STANDARD_LIBRARIES = YES;
				CODE_SIGN_STYLE = Automatic;
				CURRENT_PROJECT_VERSION = 1;
				GENERATE_INFOPLIST_FILE = YES;
				MARKETING_VERSION = 1.0;
				PRODUCT_BUNDLE_IDENTIFIER = "razan.water-trackerUITests";
				PRODUCT_NAME = "$(TARGET_NAME)";
				SWIFT_EMIT_LOC_STRINGS = NO;
				SWIFT_VERSION = 5.0;
				TARGETED_DEVICE_FAMILY = "1,2";
				TEST_TARGET_NAME = "water tracker";
			};
			name = Release;
		};
/* End XCBuildConfiguration section */

/* Begin XCConfigurationList section */
		B48763B22CA59F4400987F96 /* Build configuration list for PBXProject "water tracker" */ = {
			isa = XCConfigurationList;
			buildConfigurations = (
				B48763D92CA59F4500987F96 /* Debug */,
				B48763DA2CA59F4500987F96 /* Release */,
			);
			defaultConfigurationIsVisible = 0;
			defaultConfigurationName = Release;
		};
		B48763DB2CA59F4500987F96 /* Build configuration list for PBXNativeTarget "water tracker" */ = {
			isa = XCConfigurationList;
			buildConfigurations = (
				B48763DC2CA59F4500987F96 /* Debug */,
				B48763DD2CA59F4500987F96 /* Release */,
			);
			defaultConfigurationIsVisible = 0;
			defaultConfigurationName = Release;
		};
		B48763DE2CA59F4500987F96 /* Build configuration list for PBXNativeTarget "water trackerTests" */ = {
			isa = XCConfigurationList;
			buildConfigurations = (
				B48763DF2CA59F4500987F96 /* Debug */,
				B48763E02CA59F4500987F96 /* Release */,
			);
			defaultConfigurationIsVisible = 0;
			defaultConfigurationName = Release;
		};
		B48763E12CA59F4500987F96 /* Build configuration list for PBXNativeTarget "water trackerUITests" */ = {
			isa = XCConfigurationList;
			buildConfigurations = (
				B48763E22CA59F4500987F96 /* Debug */,
				B48763E32CA59F4500987F96 /* Release */,
			);
			defaultConfigurationIsVisible = 0;
			defaultConfigurationName = Release;
		};
/* End XCConfigurationList section */
	};
	rootObject = B48763AF2CA59F4400987F96 /* Project object */;
}
